
Microsoft Visual Studio Solution File, Format Version 12.00
# Visual Studio Version 17
VisualStudioVersion = 17.7.34009.444
MinimumVisualStudioVersion = 10.0.40219.1
Project("{FAE04EC0-301F-11D3-BF4B-00C04F79EFBC}") = "QuickGrid.API", "QuickGrid.API\QuickGrid.API.csproj", "{97D3D036-2FE7-401D-A4F3-B69569D013C6}"
EndProject
Project("{FAE04EC0-301F-11D3-BF4B-00C04F79EFBC}") = "QuickGrid.Shared", "QuickGrid.Shared\QuickGrid.Shared.csproj", "{FA793366-5BF3-401D-969A-4995268DA0C5}"
EndProject
Global
	GlobalSection(SolutionConfigurationPlatforms) = preSolution
		Debug|Any CPU = Debug|Any CPU
		Release|Any CPU = Release|Any CPU
	EndGlobalSection
	GlobalSection(ProjectConfigurationPlatforms) = postSolution
		{97D3D036-2FE7-401D-A4F3-B69569D013C6}.Debug|Any CPU.ActiveCfg = Debug|Any CPU
		{97D3D036-2FE7-401D-A4F3-B69569D013C6}.Debug|Any CPU.Build.0 = Debug|Any CPU
		{97D3D036-2FE7-401D-A4F3-B69569D013C6}.Release|Any CPU.ActiveCfg = Release|Any CPU
		{97D3D036-2FE7-401D-A4F3-B69569D013C6}.Release|Any CPU.Build.0 = Release|Any CPU
		{FA793366-5BF3-401D-969A-4995268DA0C5}.Debug|Any CPU.ActiveCfg = Debug|Any CPU
		{FA793366-5BF3-401D-969A-4995268DA0C5}.Debug|Any CPU.Build.0 = Debug|Any CPU
		{FA793366-5BF3-401D-969A-4995268DA0C5}.Release|Any CPU.ActiveCfg = Release|Any CPU
		{FA793366-5BF3-401D-969A-4995268DA0C5}.Release|Any CPU.Build.0 = Release|Any CPU
	EndGlobalSection
	GlobalSection(SolutionProperties) = preSolution
		HideSolutionNode = FALSE
	EndGlobalSection
	GlobalSection(ExtensibilityGlobals) = postSolution
		SolutionGuid = {4152C612-539E-4C4A-9B54-8AF6A1EB91E7}
	EndGlobalSection
EndGlobal
